
Microsoft Visual Studio Solution File, Format Version 12.00
# Visual Studio Version 17
VisualStudioVersion = 17.4.33103.184
MinimumVisualStudioVersion = 10.0.40219.1
Project("{FAE04EC0-301F-11D3-BF4B-00C04F79EFBC}") = "Nguyen_Manh_Hieu_Assignment_1_Csharp_3", "Nguyen_Manh_Hieu_Assignment_1_Csharp_3\Nguyen_Manh_Hieu_Assignment_1_Csharp_3.csproj", "{EC58D185-16CD-473E-9620-20FC790D8491}"
EndProject
Global
	GlobalSection(SolutionConfigurationPlatforms) = preSolution
		Debug|Any CPU = Debug|Any CPU
		Release|Any CPU = Release|Any CPU
	EndGlobalSection
	GlobalSection(ProjectConfigurationPlatforms) = postSolution
		{EC58D185-16CD-473E-9620-20FC790D8491}.Debug|Any CPU.ActiveCfg = Debug|Any CPU
		{EC58D185-16CD-473E-9620-20FC790D8491}.Debug|Any CPU.Build.0 = Debug|Any CPU
		{EC58D185-16CD-473E-9620-20FC790D8491}.Release|Any CPU.ActiveCfg = Release|Any CPU
		{EC58D185-16CD-473E-9620-20FC790D8491}.Release|Any CPU.Build.0 = Release|Any CPU
	EndGlobalSection
	GlobalSection(SolutionProperties) = preSolution
		HideSolutionNode = FALSE
	EndGlobalSection
	GlobalSection(ExtensibilityGlobals) = postSolution
		SolutionGuid = {ABC4FB10-043C-4621-BD35-6905D4AF141F}
	EndGlobalSection
EndGlobal
